
Microsoft Visual Studio Solution File, Format Version 12.00
# Visual Studio 15
Project("{FAE04EC0-301F-11D3-BF4B-00C04F79EFBC}") = "Mirror", "Mirror.csproj", "{8A42FB04-3AA9-F0E7-79DA-462753D7B68A}"
EndProject
Project("{FAE04EC0-301F-11D3-BF4B-00C04F79EFBC}") = "Mirror.Examples", "Mirror.Examples.csproj", "{01AFB086-210D-7E20-26D4-62B8B1D89ACF}"
EndProject
Project("{FAE04EC0-301F-11D3-BF4B-00C04F79EFBC}") = "Mirror.Components", "Mirror.Components.csproj", "{C964D2E5-9E46-AC0E-DFDA-A739A8A5826F}"
EndProject
Project("{FAE04EC0-301F-11D3-BF4B-00C04F79EFBC}") = "Mirror.Authenticators", "Mirror.Authenticators.csproj", "{D1729458-6E21-6F7F-0D7B-8844B7E57277}"
EndProject
Project("{FAE04EC0-301F-11D3-BF4B-00C04F79EFBC}") = "Assembly-CSharp", "Assembly-CSharp.csproj", "{817871F5-F2AF-E71C-D799-1886479EEFE9}"
EndProject
Project("{FAE04EC0-301F-11D3-BF4B-00C04F79EFBC}") = "Mirror.Weaver", "Mirror.Weaver.csproj", "{A113E578-BA2E-8A6F-42AD-6811857FD2F3}"
EndProject
Project("{FAE04EC0-301F-11D3-BF4B-00C04F79EFBC}") = "Mirror.Editor", "Mirror.Editor.csproj", "{661E1F50-3AFC-9B2E-8C01-C6216169C946}"
EndProject
Project("{FAE04EC0-301F-11D3-BF4B-00C04F79EFBC}") = "Mirror.CompilerSymbols", "Mirror.CompilerSymbols.csproj", "{A8A943D3-90D9-FBCB-0224-AFAC6D4EFF3C}"
EndProject
Global
	GlobalSection(SolutionConfigurationPlatforms) = preSolution
		Debug|Any CPU = Debug|Any CPU
		Release|Any CPU = Release|Any CPU
	EndGlobalSection
	GlobalSection(ProjectConfigurationPlatforms) = postSolution
		{8A42FB04-3AA9-F0E7-79DA-462753D7B68A}.Debug|Any CPU.ActiveCfg = Debug|Any CPU
		{8A42FB04-3AA9-F0E7-79DA-462753D7B68A}.Debug|Any CPU.Build.0 = Debug|Any CPU
		{8A42FB04-3AA9-F0E7-79DA-462753D7B68A}.Release|Any CPU.ActiveCfg = Release|Any CPU
		{8A42FB04-3AA9-F0E7-79DA-462753D7B68A}.Release|Any CPU.Build.0 = Release|Any CPU
		{01AFB086-210D-7E20-26D4-62B8B1D89ACF}.Debug|Any CPU.ActiveCfg = Debug|Any CPU
		{01AFB086-210D-7E20-26D4-62B8B1D89ACF}.Debug|Any CPU.Build.0 = Debug|Any CPU
		{01AFB086-210D-7E20-26D4-62B8B1D89ACF}.Release|Any CPU.ActiveCfg = Release|Any CPU
		{01AFB086-210D-7E20-26D4-62B8B1D89ACF}.Release|Any CPU.Build.0 = Release|Any CPU
		{C964D2E5-9E46-AC0E-DFDA-A739A8A5826F}.Debug|Any CPU.ActiveCfg = Debug|Any CPU
		{C964D2E5-9E46-AC0E-DFDA-A739A8A5826F}.Debug|Any CPU.Build.0 = Debug|Any CPU
		{C964D2E5-9E46-AC0E-DFDA-A739A8A5826F}.Release|Any CPU.ActiveCfg = Release|Any CPU
		{C964D2E5-9E46-AC0E-DFDA-A739A8A5826F}.Release|Any CPU.Build.0 = Release|Any CPU
		{D1729458-6E21-6F7F-0D7B-8844B7E57277}.Debug|Any CPU.ActiveCfg = Debug|Any CPU
		{D1729458-6E21-6F7F-0D7B-8844B7E57277}.Debug|Any CPU.Build.0 = Debug|Any CPU
		{D1729458-6E21-6F7F-0D7B-8844B7E57277}.Release|Any CPU.ActiveCfg = Release|Any CPU
		{D1729458-6E21-6F7F-0D7B-8844B7E57277}.Release|Any CPU.Build.0 = Release|Any CPU
		{817871F5-F2AF-E71C-D799-1886479EEFE9}.Debug|Any CPU.ActiveCfg = Debug|Any CPU
		{817871F5-F2AF-E71C-D799-1886479EEFE9}.Debug|Any CPU.Build.0 = Debug|Any CPU
		{817871F5-F2AF-E71C-D799-1886479EEFE9}.Release|Any CPU.ActiveCfg = Release|Any CPU
		{817871F5-F2AF-E71C-D799-1886479EEFE9}.Release|Any CPU.Build.0 = Release|Any CPU
		{A113E578-BA2E-8A6F-42AD-6811857FD2F3}.Debug|Any CPU.ActiveCfg = Debug|Any CPU
		{A113E578-BA2E-8A6F-42AD-6811857FD2F3}.Debug|Any CPU.Build.0 = Debug|Any CPU
		{A113E578-BA2E-8A6F-42AD-6811857FD2F3}.Release|Any CPU.ActiveCfg = Release|Any CPU
		{A113E578-BA2E-8A6F-42AD-6811857FD2F3}.Release|Any CPU.Build.0 = Release|Any CPU
		{661E1F50-3AFC-9B2E-8C01-C6216169C946}.Debug|Any CPU.ActiveCfg = Debug|Any CPU
		{661E1F50-3AFC-9B2E-8C01-C6216169C946}.Debug|Any CPU.Build.0 = Debug|Any CPU
		{661E1F50-3AFC-9B2E-8C01-C6216169C946}.Release|Any CPU.ActiveCfg = Release|Any CPU
		{661E1F50-3AFC-9B2E-8C01-C6216169C946}.Release|Any CPU.Build.0 = Release|Any CPU
		{A8A943D3-90D9-FBCB-0224-AFAC6D4EFF3C}.Debug|Any CPU.ActiveCfg = Debug|Any CPU
		{A8A943D3-90D9-FBCB-0224-AFAC6D4EFF3C}.Debug|Any CPU.Build.0 = Debug|Any CPU
		{A8A943D3-90D9-FBCB-0224-AFAC6D4EFF3C}.Release|Any CPU.ActiveCfg = Release|Any CPU
		{A8A943D3-90D9-FBCB-0224-AFAC6D4EFF3C}.Release|Any CPU.Build.0 = Release|Any CPU
	EndGlobalSection
	GlobalSection(SolutionProperties) = preSolution
		HideSolutionNode = FALSE
	EndGlobalSection
EndGlobal
